{
  "version": 4,
  "terraform_version": "1.5.6",
  "serial": 220,
  "lineage": "2cd768f4-300e-ffdb-6518-72ddb2f6b045",
  "outputs": {
    "PostgreSQL_vm_public_ip": {
      "value": "40.114.236.75",
      "type": "string"
    },
    "flask_vm_public_ip": {
      "value": "52.174.62.69",
      "type": "string"
    }
  },
  "resources": [
    {
      "mode": "managed",
      "type": "azurerm_linux_virtual_machine",
      "name": "PostgreSQL",
      "provider": "provider[\"registry.terraform.io/hashicorp/azurerm\"]",
      "instances": [
        {
          "schema_version": 0,
          "attributes": {
            "additional_capabilities": [],
            "admin_password": "MyPassword123!",
            "admin_ssh_key": [
              {
                "public_key": "ssh-rsa AAAAB3NzaC1yc2EAAAADAQABAAACAQDG5cW+/qdJoiUtEcxak3CYlp92gD+hQnuN3QyRmDFFTzkLWMIMX4bJgZaWjRo9Han+Yy1/9XBJBcaweMvqyFiyil4rYIWC6tWTcSpIdMU/7oqPBuiZjFpBGG6OGGoWK0FtxGJvLa8QR0ZzR5u9cnnhl5su3Qt/gYKsoFdFUGpOma7lmduazG03/c/TMwWFxrPPNCa86u43lV0eoSNxBvm0yUU0vx6vEnoi0ixa6QLLm7wNbQLSVw6R6mQAi+cp0+ZTI6osvPCab4AcYDcmcvAPBDYKowCzFwh2x/PilGapJD5EVVuwYs7akmPyGvjaD2tD+2i6BghXi/hh+ySPMMUY1cTWLVOLr1Apv/Nw4CvA5NP4/y1Jkhk+XnDdNp7LMHq21KJIRsS/kfqyHWxVJlGQXGQOW4rajoJdgCIBjbBTZSrcGwRqcWmCSarWHd3OdUAdSe4SBAFcwaIVxSXlpa6koVSGVhFbX20cqcmiQr89jW4mfFTWG4rxa7A0i0qmD7cLgmCBpukJs3MUhk/CgAGLacp2QCPerUBe/G2VJflE+4qStA/0XDpDDtL3C+f0u3qpiVm2xSuhIupLDGUYVI4DApYZBtkXKBgkwvvkA6cZ7uoUuz46ZAjc2lKCK/xNQsGmTqD4c4XVv6XDRM3Nma1jIw7R4PIfEntAMqwkCc6B2w== idan@DESKTOP-OOUL4F2\r\n",
                "username": "adminuser"
              }
            ],
            "admin_username": "adminuser",
            "allow_extension_operations": true,
            "availability_set_id": "",
            "boot_diagnostics": [],
            "computer_name": "PostgreSQL-vm",
            "custom_data": null,
            "dedicated_host_group_id": "",
            "dedicated_host_id": "",
            "disable_password_authentication": true,
            "edge_zone": "",
            "encryption_at_host_enabled": false,
            "eviction_policy": "",
            "extensions_time_budget": "PT1H30M",
            "id": "/subscriptions/9802cca1-3c80-4b5f-b794-4bcc0296f4e4/resourceGroups/terraform-rg/providers/Microsoft.Compute/virtualMachines/PostgreSQL-vm",
            "identity": [],
            "license_type": "",
            "location": "westeurope",
            "max_bid_price": -1,
            "name": "PostgreSQL-vm",
            "network_interface_ids": [
              "/subscriptions/9802cca1-3c80-4b5f-b794-4bcc0296f4e4/resourceGroups/terraform-rg/providers/Microsoft.Network/networkInterfaces/PostgreSQL-nic"
            ],
            "os_disk": [
              {
                "caching": "ReadWrite",
                "diff_disk_settings": [],
                "disk_encryption_set_id": "",
                "disk_size_gb": 30,
                "name": "PostgreSQL-vm_OsDisk_1_64e4e81e2dc94b5da3a9390449a5b8f6",
                "storage_account_type": "Standard_LRS",
                "write_accelerator_enabled": false
              }
            ],
            "patch_mode": "ImageDefault",
            "plan": [],
            "platform_fault_domain": -1,
            "priority": "Regular",
            "private_ip_address": "10.0.1.5",
            "private_ip_addresses": [
              "10.0.1.5"
            ],
            "provision_vm_agent": true,
            "proximity_placement_group_id": "",
            "public_ip_address": "40.114.236.75",
            "public_ip_addresses": [
              "40.114.236.75"
            ],
            "resource_group_name": "terraform-rg",
            "secret": [],
            "secure_boot_enabled": false,
            "size": "Standard_B1s",
            "source_image_id": "",
            "source_image_reference": [
              {
                "offer": "UbuntuServer",
                "publisher": "Canonical",
                "sku": "18.04-LTS",
                "version": "latest"
              }
            ],
            "tags": null,
            "termination_notification": null,
            "timeouts": null,
            "user_data": "",
            "virtual_machine_id": "52a53ff8-dd4e-4ebb-a1dc-65bf7f09664a",
            "virtual_machine_scale_set_id": "",
            "vtpm_enabled": false,
            "zone": ""
          },
          "sensitive_attributes": [],
          "private": "eyJlMmJmYjczMC1lY2FhLTExZTYtOGY4OC0zNDM2M2JjN2M0YzAiOnsiY3JlYXRlIjoyNzAwMDAwMDAwMDAwLCJkZWxldGUiOjI3MDAwMDAwMDAwMDAsInJlYWQiOjMwMDAwMDAwMDAwMCwidXBkYXRlIjoyNzAwMDAwMDAwMDAwfX0=",
          "dependencies": [
            "azurerm_network_interface.PostgreSQL",
            "azurerm_public_ip.PostgreSQL",
            "azurerm_resource_group.rg",
            "azurerm_subnet.web-subnet",
            "azurerm_virtual_network.vnet"
          ]
        }
      ]
    },
    {
      "mode": "managed",
      "type": "azurerm_linux_virtual_machine",
      "name": "flask",
      "provider": "provider[\"registry.terraform.io/hashicorp/azurerm\"]",
      "instances": [
        {
          "schema_version": 0,
          "attributes": {
            "additional_capabilities": [],
            "admin_password": "MyPassword123!",
            "admin_ssh_key": [
              {
                "public_key": "ssh-rsa AAAAB3NzaC1yc2EAAAADAQABAAACAQDG5cW+/qdJoiUtEcxak3CYlp92gD+hQnuN3QyRmDFFTzkLWMIMX4bJgZaWjRo9Han+Yy1/9XBJBcaweMvqyFiyil4rYIWC6tWTcSpIdMU/7oqPBuiZjFpBGG6OGGoWK0FtxGJvLa8QR0ZzR5u9cnnhl5su3Qt/gYKsoFdFUGpOma7lmduazG03/c/TMwWFxrPPNCa86u43lV0eoSNxBvm0yUU0vx6vEnoi0ixa6QLLm7wNbQLSVw6R6mQAi+cp0+ZTI6osvPCab4AcYDcmcvAPBDYKowCzFwh2x/PilGapJD5EVVuwYs7akmPyGvjaD2tD+2i6BghXi/hh+ySPMMUY1cTWLVOLr1Apv/Nw4CvA5NP4/y1Jkhk+XnDdNp7LMHq21KJIRsS/kfqyHWxVJlGQXGQOW4rajoJdgCIBjbBTZSrcGwRqcWmCSarWHd3OdUAdSe4SBAFcwaIVxSXlpa6koVSGVhFbX20cqcmiQr89jW4mfFTWG4rxa7A0i0qmD7cLgmCBpukJs3MUhk/CgAGLacp2QCPerUBe/G2VJflE+4qStA/0XDpDDtL3C+f0u3qpiVm2xSuhIupLDGUYVI4DApYZBtkXKBgkwvvkA6cZ7uoUuz46ZAjc2lKCK/xNQsGmTqD4c4XVv6XDRM3Nma1jIw7R4PIfEntAMqwkCc6B2w== idan@DESKTOP-OOUL4F2\r\n",
                "username": "adminuser"
              }
            ],
            "admin_username": "adminuser",
            "allow_extension_operations": true,
            "availability_set_id": "",
            "boot_diagnostics": [],
            "computer_name": "flask-vm",
            "custom_data": null,
            "dedicated_host_group_id": "",
            "dedicated_host_id": "",
            "disable_password_authentication": true,
            "edge_zone": "",
            "encryption_at_host_enabled": false,
            "eviction_policy": "",
            "extensions_time_budget": "PT1H30M",
            "id": "/subscriptions/9802cca1-3c80-4b5f-b794-4bcc0296f4e4/resourceGroups/terraform-rg/providers/Microsoft.Compute/virtualMachines/flask-vm",
            "identity": [],
            "license_type": "",
            "location": "westeurope",
            "max_bid_price": -1,
            "name": "flask-vm",
            "network_interface_ids": [
              "/subscriptions/9802cca1-3c80-4b5f-b794-4bcc0296f4e4/resourceGroups/terraform-rg/providers/Microsoft.Network/networkInterfaces/flask-nic"
            ],
            "os_disk": [
              {
                "caching": "ReadWrite",
                "diff_disk_settings": [],
                "disk_encryption_set_id": "",
                "disk_size_gb": 30,
                "name": "flask-vm_OsDisk_1_90531cff99b245f5b894f03ec370898a",
                "storage_account_type": "Standard_LRS",
                "write_accelerator_enabled": false
              }
            ],
            "patch_mode": "ImageDefault",
            "plan": [],
            "platform_fault_domain": -1,
            "priority": "Regular",
            "private_ip_address": "10.0.1.4",
            "private_ip_addresses": [
              "10.0.1.4"
            ],
            "provision_vm_agent": true,
            "proximity_placement_group_id": "",
            "public_ip_address": "52.174.62.69",
            "public_ip_addresses": [
              "52.174.62.69"
            ],
            "resource_group_name": "terraform-rg",
            "secret": [],
            "secure_boot_enabled": false,
            "size": "Standard_B1s",
            "source_image_id": "",
            "source_image_reference": [
              {
                "offer": "UbuntuServer",
                "publisher": "Canonical",
                "sku": "18.04-LTS",
                "version": "latest"
              }
            ],
            "tags": null,
            "termination_notification": null,
            "timeouts": null,
            "user_data": "",
            "virtual_machine_id": "5fd57c29-c56d-4dc6-b585-031ef8304fb1",
            "virtual_machine_scale_set_id": "",
            "vtpm_enabled": false,
            "zone": ""
          },
          "sensitive_attributes": [],
          "private": "eyJlMmJmYjczMC1lY2FhLTExZTYtOGY4OC0zNDM2M2JjN2M0YzAiOnsiY3JlYXRlIjoyNzAwMDAwMDAwMDAwLCJkZWxldGUiOjI3MDAwMDAwMDAwMDAsInJlYWQiOjMwMDAwMDAwMDAwMCwidXBkYXRlIjoyNzAwMDAwMDAwMDAwfX0=",
          "dependencies": [
            "azurerm_network_interface.flask",
            "azurerm_public_ip.flask",
            "azurerm_resource_group.rg",
            "azurerm_subnet.web-subnet",
            "azurerm_virtual_network.vnet"
          ]
        }
      ]
    },
    {
      "mode": "managed",
      "type": "azurerm_managed_disk",
      "name": "PostgreSQL-md",
      "provider": "provider[\"registry.terraform.io/hashicorp/azurerm\"]",
      "instances": [
        {
          "schema_version": 0,
          "attributes": {
            "create_option": "Empty",
            "disk_access_id": "",
            "disk_encryption_set_id": "",
            "disk_iops_read_only": 0,
            "disk_iops_read_write": 500,
            "disk_mbps_read_only": 0,
            "disk_mbps_read_write": 60,
            "disk_size_gb": 10,
            "edge_zone": "",
            "encryption_settings": [],
            "gallery_image_reference_id": "",
            "hyper_v_generation": "",
            "id": "/subscriptions/9802cca1-3c80-4b5f-b794-4bcc0296f4e4/resourceGroups/terraform-rg/providers/Microsoft.Compute/disks/PostgreSQL-md",
            "image_reference_id": "",
            "location": "westeurope",
            "logical_sector_size": null,
            "max_shares": 0,
            "name": "PostgreSQL-md",
            "network_access_policy": null,
            "on_demand_bursting_enabled": false,
            "os_type": "",
            "public_network_access_enabled": true,
            "resource_group_name": "terraform-rg",
            "source_resource_id": "",
            "source_uri": "",
            "storage_account_id": "",
            "storage_account_type": "Standard_LRS",
            "tags": null,
            "tier": "",
            "timeouts": null,
            "trusted_launch_enabled": false,
            "zone": ""
          },
          "sensitive_attributes": [],
          "private": "eyJlMmJmYjczMC1lY2FhLTExZTYtOGY4OC0zNDM2M2JjN2M0YzAiOnsiY3JlYXRlIjoxODAwMDAwMDAwMDAwLCJkZWxldGUiOjE4MDAwMDAwMDAwMDAsInJlYWQiOjMwMDAwMDAwMDAwMCwidXBkYXRlIjoxODAwMDAwMDAwMDAwfX0=",
          "dependencies": [
            "azurerm_resource_group.rg"
          ]
        }
      ]
    },
    {
      "mode": "managed",
      "type": "azurerm_managed_disk",
      "name": "flask-md",
      "provider": "provider[\"registry.terraform.io/hashicorp/azurerm\"]",
      "instances": [
        {
          "schema_version": 0,
          "attributes": {
            "create_option": "Empty",
            "disk_access_id": "",
            "disk_encryption_set_id": "",
            "disk_iops_read_only": 0,
            "disk_iops_read_write": 500,
            "disk_mbps_read_only": 0,
            "disk_mbps_read_write": 60,
            "disk_size_gb": 10,
            "edge_zone": "",
            "encryption_settings": [],
            "gallery_image_reference_id": "",
            "hyper_v_generation": "",
            "id": "/subscriptions/9802cca1-3c80-4b5f-b794-4bcc0296f4e4/resourceGroups/terraform-rg/providers/Microsoft.Compute/disks/flask-md",
            "image_reference_id": "",
            "location": "westeurope",
            "logical_sector_size": null,
            "max_shares": 0,
            "name": "flask-md",
            "network_access_policy": null,
            "on_demand_bursting_enabled": false,
            "os_type": "",
            "public_network_access_enabled": true,
            "resource_group_name": "terraform-rg",
            "source_resource_id": "",
            "source_uri": "",
            "storage_account_id": "",
            "storage_account_type": "Standard_LRS",
            "tags": null,
            "tier": "",
            "timeouts": null,
            "trusted_launch_enabled": false,
            "zone": ""
          },
          "sensitive_attributes": [],
          "private": "eyJlMmJmYjczMC1lY2FhLTExZTYtOGY4OC0zNDM2M2JjN2M0YzAiOnsiY3JlYXRlIjoxODAwMDAwMDAwMDAwLCJkZWxldGUiOjE4MDAwMDAwMDAwMDAsInJlYWQiOjMwMDAwMDAwMDAwMCwidXBkYXRlIjoxODAwMDAwMDAwMDAwfX0=",
          "dependencies": [
            "azurerm_resource_group.rg"
          ]
        }
      ]
    },
    {
      "mode": "managed",
      "type": "azurerm_network_interface",
      "name": "PostgreSQL",
      "provider": "provider[\"registry.terraform.io/hashicorp/azurerm\"]",
      "instances": [
        {
          "schema_version": 0,
          "attributes": {
            "applied_dns_servers": [],
            "dns_servers": [],
            "edge_zone": "",
            "enable_accelerated_networking": false,
            "enable_ip_forwarding": false,
            "id": "/subscriptions/9802cca1-3c80-4b5f-b794-4bcc0296f4e4/resourceGroups/terraform-rg/providers/Microsoft.Network/networkInterfaces/PostgreSQL-nic",
            "internal_dns_name_label": "",
            "internal_domain_name_suffix": "reb11fgb0h2ephyf50fiyunjof.ax.internal.cloudapp.net",
            "ip_configuration": [
              {
                "gateway_load_balancer_frontend_ip_configuration_id": "",
                "name": "PostgreSQL-ip-config",
                "primary": true,
                "private_ip_address": "10.0.1.5",
                "private_ip_address_allocation": "Dynamic",
                "private_ip_address_version": "IPv4",
                "public_ip_address_id": "/subscriptions/9802cca1-3c80-4b5f-b794-4bcc0296f4e4/resourceGroups/terraform-rg/providers/Microsoft.Network/publicIPAddresses/PostgreSQLPostgreSQL-ip",
                "subnet_id": "/subscriptions/9802cca1-3c80-4b5f-b794-4bcc0296f4e4/resourceGroups/terraform-rg/providers/Microsoft.Network/virtualNetworks/myTFVnet/subnets/web-subnet"
              }
            ],
            "location": "westeurope",
            "mac_address": "",
            "name": "PostgreSQL-nic",
            "private_ip_address": "10.0.1.5",
            "private_ip_addresses": [
              "10.0.1.5"
            ],
            "resource_group_name": "terraform-rg",
            "tags": null,
            "timeouts": null,
            "virtual_machine_id": ""
          },
          "sensitive_attributes": [],
          "private": "eyJlMmJmYjczMC1lY2FhLTExZTYtOGY4OC0zNDM2M2JjN2M0YzAiOnsiY3JlYXRlIjoxODAwMDAwMDAwMDAwLCJkZWxldGUiOjE4MDAwMDAwMDAwMDAsInJlYWQiOjMwMDAwMDAwMDAwMCwidXBkYXRlIjoxODAwMDAwMDAwMDAwfX0=",
          "dependencies": [
            "azurerm_public_ip.PostgreSQL",
            "azurerm_resource_group.rg",
            "azurerm_subnet.web-subnet",
            "azurerm_virtual_network.vnet"
          ]
        }
      ]
    },
    {
      "mode": "managed",
      "type": "azurerm_network_interface",
      "name": "flask",
      "provider": "provider[\"registry.terraform.io/hashicorp/azurerm\"]",
      "instances": [
        {
          "schema_version": 0,
          "attributes": {
            "applied_dns_servers": [],
            "dns_servers": [],
            "edge_zone": "",
            "enable_accelerated_networking": false,
            "enable_ip_forwarding": false,
            "id": "/subscriptions/9802cca1-3c80-4b5f-b794-4bcc0296f4e4/resourceGroups/terraform-rg/providers/Microsoft.Network/networkInterfaces/flask-nic",
            "internal_dns_name_label": "",
            "internal_domain_name_suffix": "reb11fgb0h2ephyf50fiyunjof.ax.internal.cloudapp.net",
            "ip_configuration": [
              {
                "gateway_load_balancer_frontend_ip_configuration_id": "",
                "name": "flask-ip-config",
                "primary": true,
                "private_ip_address": "10.0.1.4",
                "private_ip_address_allocation": "Dynamic",
                "private_ip_address_version": "IPv4",
                "public_ip_address_id": "/subscriptions/9802cca1-3c80-4b5f-b794-4bcc0296f4e4/resourceGroups/terraform-rg/providers/Microsoft.Network/publicIPAddresses/flask-ip",
                "subnet_id": "/subscriptions/9802cca1-3c80-4b5f-b794-4bcc0296f4e4/resourceGroups/terraform-rg/providers/Microsoft.Network/virtualNetworks/myTFVnet/subnets/web-subnet"
              }
            ],
            "location": "westeurope",
            "mac_address": "",
            "name": "flask-nic",
            "private_ip_address": "10.0.1.4",
            "private_ip_addresses": [
              "10.0.1.4"
            ],
            "resource_group_name": "terraform-rg",
            "tags": null,
            "timeouts": null,
            "virtual_machine_id": ""
          },
          "sensitive_attributes": [],
          "private": "eyJlMmJmYjczMC1lY2FhLTExZTYtOGY4OC0zNDM2M2JjN2M0YzAiOnsiY3JlYXRlIjoxODAwMDAwMDAwMDAwLCJkZWxldGUiOjE4MDAwMDAwMDAwMDAsInJlYWQiOjMwMDAwMDAwMDAwMCwidXBkYXRlIjoxODAwMDAwMDAwMDAwfX0=",
          "dependencies": [
            "azurerm_public_ip.flask",
            "azurerm_resource_group.rg",
            "azurerm_subnet.web-subnet",
            "azurerm_virtual_network.vnet"
          ]
        }
      ]
    },
    {
      "mode": "managed",
      "type": "azurerm_network_security_group",
      "name": "db_nsg",
      "provider": "provider[\"registry.terraform.io/hashicorp/azurerm\"]",
      "instances": [
        {
          "schema_version": 0,
          "attributes": {
            "id": "/subscriptions/9802cca1-3c80-4b5f-b794-4bcc0296f4e4/resourceGroups/terraform-rg/providers/Microsoft.Network/networkSecurityGroups/db_nsg",
            "location": "westeurope",
            "name": "db_nsg",
            "resource_group_name": "terraform-rg",
            "security_rule": [
              {
                "access": "Allow",
                "description": "",
                "destination_address_prefix": "*",
                "destination_address_prefixes": [],
                "destination_application_security_group_ids": [],
                "destination_port_range": "22",
                "destination_port_ranges": [],
                "direction": "Inbound",
                "name": "AllowSSH",
                "priority": 100,
                "protocol": "*",
                "source_address_prefix": "*",
                "source_address_prefixes": [],
                "source_application_security_group_ids": [],
                "source_port_range": "*",
                "source_port_ranges": []
              },
              {
                "access": "Allow",
                "description": "",
                "destination_address_prefix": "*",
                "destination_address_prefixes": [],
                "destination_application_security_group_ids": [],
                "destination_port_range": "5432",
                "destination_port_ranges": [],
                "direction": "Inbound",
                "name": "AllowAppAccess",
                "priority": 110,
                "protocol": "*",
                "source_address_prefix": "*",
                "source_address_prefixes": [],
                "source_application_security_group_ids": [],
                "source_port_range": "*",
                "source_port_ranges": []
              }
            ],
            "tags": null,
            "timeouts": null
          },
          "sensitive_attributes": [],
          "private": "eyJlMmJmYjczMC1lY2FhLTExZTYtOGY4OC0zNDM2M2JjN2M0YzAiOnsiY3JlYXRlIjoxODAwMDAwMDAwMDAwLCJkZWxldGUiOjE4MDAwMDAwMDAwMDAsInJlYWQiOjMwMDAwMDAwMDAwMCwidXBkYXRlIjoxODAwMDAwMDAwMDAwfX0=",
          "dependencies": [
            "azurerm_resource_group.rg"
          ]
        }
      ]
    },
    {
      "mode": "managed",
      "type": "azurerm_network_security_group",
      "name": "web_nsg",
      "provider": "provider[\"registry.terraform.io/hashicorp/azurerm\"]",
      "instances": [
        {
          "schema_version": 0,
          "attributes": {
            "id": "/subscriptions/9802cca1-3c80-4b5f-b794-4bcc0296f4e4/resourceGroups/terraform-rg/providers/Microsoft.Network/networkSecurityGroups/web_nsg",
            "location": "westeurope",
            "name": "web_nsg",
            "resource_group_name": "terraform-rg",
            "security_rule": [
              {
                "access": "Allow",
                "description": "",
                "destination_address_prefix": "*",
                "destination_address_prefixes": [],
                "destination_application_security_group_ids": [],
                "destination_port_range": "22",
                "destination_port_ranges": [],
                "direction": "Inbound",
                "name": "AllowSSH",
                "priority": 110,
                "protocol": "Tcp",
                "source_address_prefix": "*",
                "source_address_prefixes": [],
                "source_application_security_group_ids": [],
                "source_port_range": "*",
                "source_port_ranges": []
              },
              {
                "access": "Allow",
                "description": "",
                "destination_address_prefix": "*",
                "destination_address_prefixes": [],
                "destination_application_security_group_ids": [],
                "destination_port_range": "8080",
                "destination_port_ranges": [],
                "direction": "Inbound",
                "name": "AllowHTTP",
                "priority": 100,
                "protocol": "Tcp",
                "source_address_prefix": "*",
                "source_address_prefixes": [],
                "source_application_security_group_ids": [],
                "source_port_range": "*",
                "source_port_ranges": []
              }
            ],
            "tags": null,
            "timeouts": null
          },
          "sensitive_attributes": [],
          "private": "eyJlMmJmYjczMC1lY2FhLTExZTYtOGY4OC0zNDM2M2JjN2M0YzAiOnsiY3JlYXRlIjoxODAwMDAwMDAwMDAwLCJkZWxldGUiOjE4MDAwMDAwMDAwMDAsInJlYWQiOjMwMDAwMDAwMDAwMCwidXBkYXRlIjoxODAwMDAwMDAwMDAwfX0=",
          "dependencies": [
            "azurerm_resource_group.rg"
          ]
        }
      ]
    },
    {
      "mode": "managed",
      "type": "azurerm_public_ip",
      "name": "PostgreSQL",
      "provider": "provider[\"registry.terraform.io/hashicorp/azurerm\"]",
      "instances": [
        {
          "schema_version": 0,
          "attributes": {
            "allocation_method": "Dynamic",
            "domain_name_label": null,
            "edge_zone": "",
            "fqdn": null,
            "id": "/subscriptions/9802cca1-3c80-4b5f-b794-4bcc0296f4e4/resourceGroups/terraform-rg/providers/Microsoft.Network/publicIPAddresses/PostgreSQLPostgreSQL-ip",
            "idle_timeout_in_minutes": 4,
            "ip_address": "",
            "ip_tags": null,
            "ip_version": "IPv4",
            "location": "westeurope",
            "name": "PostgreSQLPostgreSQL-ip",
            "public_ip_prefix_id": null,
            "resource_group_name": "terraform-rg",
            "reverse_fqdn": null,
            "sku": "Basic",
            "sku_tier": "Regional",
            "tags": null,
            "timeouts": null,
            "zones": null
          },
          "sensitive_attributes": [],
          "private": "eyJlMmJmYjczMC1lY2FhLTExZTYtOGY4OC0zNDM2M2JjN2M0YzAiOnsiY3JlYXRlIjoxODAwMDAwMDAwMDAwLCJkZWxldGUiOjE4MDAwMDAwMDAwMDAsInJlYWQiOjMwMDAwMDAwMDAwMCwidXBkYXRlIjoxODAwMDAwMDAwMDAwfX0=",
          "dependencies": [
            "azurerm_resource_group.rg"
          ]
        }
      ]
    },
    {
      "mode": "managed",
      "type": "azurerm_public_ip",
      "name": "flask",
      "provider": "provider[\"registry.terraform.io/hashicorp/azurerm\"]",
      "instances": [
        {
          "schema_version": 0,
          "attributes": {
            "allocation_method": "Dynamic",
            "domain_name_label": null,
            "edge_zone": "",
            "fqdn": null,
            "id": "/subscriptions/9802cca1-3c80-4b5f-b794-4bcc0296f4e4/resourceGroups/terraform-rg/providers/Microsoft.Network/publicIPAddresses/flask-ip",
            "idle_timeout_in_minutes": 4,
            "ip_address": "",
            "ip_tags": null,
            "ip_version": "IPv4",
            "location": "westeurope",
            "name": "flask-ip",
            "public_ip_prefix_id": null,
            "resource_group_name": "terraform-rg",
            "reverse_fqdn": null,
            "sku": "Basic",
            "sku_tier": "Regional",
            "tags": null,
            "timeouts": null,
            "zones": null
          },
          "sensitive_attributes": [],
          "private": "eyJlMmJmYjczMC1lY2FhLTExZTYtOGY4OC0zNDM2M2JjN2M0YzAiOnsiY3JlYXRlIjoxODAwMDAwMDAwMDAwLCJkZWxldGUiOjE4MDAwMDAwMDAwMDAsInJlYWQiOjMwMDAwMDAwMDAwMCwidXBkYXRlIjoxODAwMDAwMDAwMDAwfX0=",
          "dependencies": [
            "azurerm_resource_group.rg"
          ]
        }
      ]
    },
    {
      "mode": "managed",
      "type": "azurerm_resource_group",
      "name": "rg",
      "provider": "provider[\"registry.terraform.io/hashicorp/azurerm\"]",
      "instances": [
        {
          "schema_version": 0,
          "attributes": {
            "id": "/subscriptions/9802cca1-3c80-4b5f-b794-4bcc0296f4e4/resourceGroups/terraform-rg",
            "location": "westeurope",
            "name": "terraform-rg",
            "tags": null,
            "timeouts": null
          },
          "sensitive_attributes": [],
          "private": "eyJlMmJmYjczMC1lY2FhLTExZTYtOGY4OC0zNDM2M2JjN2M0YzAiOnsiY3JlYXRlIjo1NDAwMDAwMDAwMDAwLCJkZWxldGUiOjU0MDAwMDAwMDAwMDAsInJlYWQiOjMwMDAwMDAwMDAwMCwidXBkYXRlIjo1NDAwMDAwMDAwMDAwfX0="
        }
      ]
    },
    {
      "mode": "managed",
      "type": "azurerm_subnet",
      "name": "db-subnet",
      "provider": "provider[\"registry.terraform.io/hashicorp/azurerm\"]",
      "instances": [
        {
          "schema_version": 0,
          "attributes": {
            "address_prefixes": [
              "10.0.2.0/24"
            ],
            "delegation": [],
            "enforce_private_link_endpoint_network_policies": false,
            "enforce_private_link_service_network_policies": false,
            "id": "/subscriptions/9802cca1-3c80-4b5f-b794-4bcc0296f4e4/resourceGroups/terraform-rg/providers/Microsoft.Network/virtualNetworks/myTFVnet/subnets/db-subnet",
            "name": "db-subnet",
            "resource_group_name": "terraform-rg",
            "service_endpoint_policy_ids": null,
            "service_endpoints": null,
            "timeouts": null,
            "virtual_network_name": "myTFVnet"
          },
          "sensitive_attributes": [],
          "private": "eyJlMmJmYjczMC1lY2FhLTExZTYtOGY4OC0zNDM2M2JjN2M0YzAiOnsiY3JlYXRlIjoxODAwMDAwMDAwMDAwLCJkZWxldGUiOjE4MDAwMDAwMDAwMDAsInJlYWQiOjMwMDAwMDAwMDAwMCwidXBkYXRlIjoxODAwMDAwMDAwMDAwfX0=",
          "dependencies": [
            "azurerm_resource_group.rg",
            "azurerm_virtual_network.vnet"
          ]
        }
      ]
    },
    {
      "mode": "managed",
      "type": "azurerm_subnet",
      "name": "web-subnet",
      "provider": "provider[\"registry.terraform.io/hashicorp/azurerm\"]",
      "instances": [
        {
          "schema_version": 0,
          "attributes": {
            "address_prefixes": [
              "10.0.1.0/24"
            ],
            "delegation": [],
            "enforce_private_link_endpoint_network_policies": false,
            "enforce_private_link_service_network_policies": false,
            "id": "/subscriptions/9802cca1-3c80-4b5f-b794-4bcc0296f4e4/resourceGroups/terraform-rg/providers/Microsoft.Network/virtualNetworks/myTFVnet/subnets/web-subnet",
            "name": "web-subnet",
            "resource_group_name": "terraform-rg",
            "service_endpoint_policy_ids": null,
            "service_endpoints": null,
            "timeouts": null,
            "virtual_network_name": "myTFVnet"
          },
          "sensitive_attributes": [],
          "private": "eyJlMmJmYjczMC1lY2FhLTExZTYtOGY4OC0zNDM2M2JjN2M0YzAiOnsiY3JlYXRlIjoxODAwMDAwMDAwMDAwLCJkZWxldGUiOjE4MDAwMDAwMDAwMDAsInJlYWQiOjMwMDAwMDAwMDAwMCwidXBkYXRlIjoxODAwMDAwMDAwMDAwfX0=",
          "dependencies": [
            "azurerm_resource_group.rg",
            "azurerm_virtual_network.vnet"
          ]
        }
      ]
    },
    {
      "mode": "managed",
      "type": "azurerm_virtual_machine_data_disk_attachment",
      "name": "PostgreSQL-attach",
      "provider": "provider[\"registry.terraform.io/hashicorp/azurerm\"]",
      "instances": [
        {
          "schema_version": 0,
          "attributes": {
            "caching": "ReadWrite",
            "create_option": "Attach",
            "id": "/subscriptions/9802cca1-3c80-4b5f-b794-4bcc0296f4e4/resourceGroups/terraform-rg/providers/Microsoft.Compute/virtualMachines/PostgreSQL-vm/dataDisks/PostgreSQL-md",
            "lun": 10,
            "managed_disk_id": "/subscriptions/9802cca1-3c80-4b5f-b794-4bcc0296f4e4/resourceGroups/terraform-rg/providers/Microsoft.Compute/disks/PostgreSQL-md",
            "timeouts": null,
            "virtual_machine_id": "/subscriptions/9802cca1-3c80-4b5f-b794-4bcc0296f4e4/resourceGroups/terraform-rg/providers/Microsoft.Compute/virtualMachines/PostgreSQL-vm",
            "write_accelerator_enabled": false
          },
          "sensitive_attributes": [],
          "private": "eyJlMmJmYjczMC1lY2FhLTExZTYtOGY4OC0zNDM2M2JjN2M0YzAiOnsiY3JlYXRlIjoxODAwMDAwMDAwMDAwLCJkZWxldGUiOjE4MDAwMDAwMDAwMDAsInJlYWQiOjMwMDAwMDAwMDAwMCwidXBkYXRlIjoxODAwMDAwMDAwMDAwfX0=",
          "dependencies": [
            "azurerm_linux_virtual_machine.PostgreSQL",
            "azurerm_managed_disk.PostgreSQL-md",
            "azurerm_network_interface.PostgreSQL",
            "azurerm_public_ip.PostgreSQL",
            "azurerm_resource_group.rg",
            "azurerm_subnet.web-subnet",
            "azurerm_virtual_network.vnet"
          ]
        }
      ]
    },
    {
      "mode": "managed",
      "type": "azurerm_virtual_machine_data_disk_attachment",
      "name": "flask-attach",
      "provider": "provider[\"registry.terraform.io/hashicorp/azurerm\"]",
      "instances": [
        {
          "schema_version": 0,
          "attributes": {
            "caching": "ReadWrite",
            "create_option": "Attach",
            "id": "/subscriptions/9802cca1-3c80-4b5f-b794-4bcc0296f4e4/resourceGroups/terraform-rg/providers/Microsoft.Compute/virtualMachines/flask-vm/dataDisks/flask-md",
            "lun": 10,
            "managed_disk_id": "/subscriptions/9802cca1-3c80-4b5f-b794-4bcc0296f4e4/resourceGroups/terraform-rg/providers/Microsoft.Compute/disks/flask-md",
            "timeouts": null,
            "virtual_machine_id": "/subscriptions/9802cca1-3c80-4b5f-b794-4bcc0296f4e4/resourceGroups/terraform-rg/providers/Microsoft.Compute/virtualMachines/flask-vm",
            "write_accelerator_enabled": false
          },
          "sensitive_attributes": [],
          "private": "eyJlMmJmYjczMC1lY2FhLTExZTYtOGY4OC0zNDM2M2JjN2M0YzAiOnsiY3JlYXRlIjoxODAwMDAwMDAwMDAwLCJkZWxldGUiOjE4MDAwMDAwMDAwMDAsInJlYWQiOjMwMDAwMDAwMDAwMCwidXBkYXRlIjoxODAwMDAwMDAwMDAwfX0=",
          "dependencies": [
            "azurerm_linux_virtual_machine.flask",
            "azurerm_managed_disk.flask-md",
            "azurerm_network_interface.flask",
            "azurerm_public_ip.flask",
            "azurerm_resource_group.rg",
            "azurerm_subnet.web-subnet",
            "azurerm_virtual_network.vnet"
          ]
        }
      ]
    },
    {
      "mode": "managed",
      "type": "azurerm_virtual_network",
      "name": "vnet",
      "provider": "provider[\"registry.terraform.io/hashicorp/azurerm\"]",
      "instances": [
        {
          "schema_version": 0,
          "attributes": {
            "address_space": [
              "10.0.0.0/16"
            ],
            "bgp_community": "",
            "ddos_protection_plan": [],
            "dns_servers": [],
            "edge_zone": "",
            "flow_timeout_in_minutes": 0,
            "guid": "94bd0389-d1c1-47f8-9f05-fe8a8c51a975",
            "id": "/subscriptions/9802cca1-3c80-4b5f-b794-4bcc0296f4e4/resourceGroups/terraform-rg/providers/Microsoft.Network/virtualNetworks/myTFVnet",
            "location": "westeurope",
            "name": "myTFVnet",
            "resource_group_name": "terraform-rg",
            "subnet": [],
            "tags": null,
            "timeouts": null
          },
          "sensitive_attributes": [],
          "private": "eyJlMmJmYjczMC1lY2FhLTExZTYtOGY4OC0zNDM2M2JjN2M0YzAiOnsiY3JlYXRlIjoxODAwMDAwMDAwMDAwLCJkZWxldGUiOjE4MDAwMDAwMDAwMDAsInJlYWQiOjMwMDAwMDAwMDAwMCwidXBkYXRlIjoxODAwMDAwMDAwMDAwfX0=",
          "dependencies": [
            "azurerm_resource_group.rg"
          ]
        }
      ]
    },
    {
      "mode": "managed",
      "type": "tls_private_key",
      "name": "example_ssh",
      "provider": "provider[\"registry.terraform.io/hashicorp/tls\"]",
      "instances": [
        {
          "schema_version": 1,
          "attributes": {
            "algorithm": "RSA",
            "ecdsa_curve": "P224",
            "id": "69d72d3a92ca6277a340aef3f8f570acc27e6a6a",
            "private_key_openssh": "-----BEGIN OPENSSH PRIVATE KEY-----\nb3BlbnNzaC1rZXktdjEAAAAABG5vbmUAAAAEbm9uZQAAAAAAAAABAAACFwAAAAdz\nc2gtcnNhAAAAAwEAAQAAAgEAvsN6CSrtuKpl3xztM7pb8e78unj3OsriqpHFEYfl\n0j3Ar8mE0w5OdqEFn53QNbvWmeQCYrWXUDmPa5B6aUcPtOX9NAXNMKnBuVVY5sIF\nmLrD4M0AMBl/qZHYmo5HW9+1/INTOHRSaaRZFZYbnGavB5nNpDczC64C6mo1sMqB\nHk2maOrPaL3Afb2iRZdTTBNIunTOWxPkK5CkkvwDSHo5+sWUypE6y/6AMjv4iWV2\nu8z5f9Omn/2NitXnPIs2MBwgdcaayhfROpErlnE4QZOeDFw0vrucaCnfnz0WIRv3\nziH3wG/CSO2RBKcqCkl8Gv9ppn4r5EfgCkYw1aOkWpNlfIqZaO2luXJ1fvHPFC61\nespfp9UV9UhsqbzrU4YRRqJFP7aQ4XiW2Kq6WrO26a4ARQI+CMvsc1xTT0LUaxc/\njHkyC9AkouplSuHo7jYcgEjnKeHDwFuDhO5VZNJ1v2nD+tUL9fzkhOKTP/RHbp3u\nCtWni+xwqREBkJZnn8Ru7jXtWiprEfLi//RRHIDE9KXnK0RLuQvps6KHuVOvzWGG\n6lG93siGdPIY+kSDfibyJyqh2shY27MsRD1QNb0TfSZ2BKvBWspXjgnTQ3h/X2r4\nw9nCKfNBVUuTD+V2u2SMpx1NXLfJc/K3J8Pge7D2dK1uHQRa4EGfZOgyVl0TMzUL\n8/EAAAc4PskkeT7JJHkAAAAHc3NoLXJzYQAAAgEAvsN6CSrtuKpl3xztM7pb8e78\nunj3OsriqpHFEYfl0j3Ar8mE0w5OdqEFn53QNbvWmeQCYrWXUDmPa5B6aUcPtOX9\nNAXNMKnBuVVY5sIFmLrD4M0AMBl/qZHYmo5HW9+1/INTOHRSaaRZFZYbnGavB5nN\npDczC64C6mo1sMqBHk2maOrPaL3Afb2iRZdTTBNIunTOWxPkK5CkkvwDSHo5+sWU\nypE6y/6AMjv4iWV2u8z5f9Omn/2NitXnPIs2MBwgdcaayhfROpErlnE4QZOeDFw0\nvrucaCnfnz0WIRv3ziH3wG/CSO2RBKcqCkl8Gv9ppn4r5EfgCkYw1aOkWpNlfIqZ\naO2luXJ1fvHPFC61espfp9UV9UhsqbzrU4YRRqJFP7aQ4XiW2Kq6WrO26a4ARQI+\nCMvsc1xTT0LUaxc/jHkyC9AkouplSuHo7jYcgEjnKeHDwFuDhO5VZNJ1v2nD+tUL\n9fzkhOKTP/RHbp3uCtWni+xwqREBkJZnn8Ru7jXtWiprEfLi//RRHIDE9KXnK0RL\nuQvps6KHuVOvzWGG6lG93siGdPIY+kSDfibyJyqh2shY27MsRD1QNb0TfSZ2BKvB\nWspXjgnTQ3h/X2r4w9nCKfNBVUuTD+V2u2SMpx1NXLfJc/K3J8Pge7D2dK1uHQRa\n4EGfZOgyVl0TMzUL8/EAAAADAQABAAACAQC6YUR3dpDijuGPVrTOiHLS8tvL2Oo8\ncAN8AYYYdb1uZ1U+qtZyWxUARJy48bh+93JZ0vMdvCwFfueIgZWIDJzk8pwr2ss6\nk3EqAaAlfUV4jmlY1xIq7I7VfyCxCPfhZLZq62hAzS3D94XuWEXLzmuOMpA/tIrU\nC4TfwTuJ6qCymc1PzrMss9BBSikkcxA4UNMLEZqYU9vnUJ/q1/zhMEI7qBWSwMhA\njPx1mDBhFVgnbsIKSSEQSeujzQ/rEFy2LpTsXUnYz+JlpXZ/u0jqkS6nBuOlwqmy\n/85zx3w6hxfbN0bXppmdJTc945FokZmGyytPNxDtLehQQXnvEb4/nKlWj9M8rY0m\n+UJbk2BNXX84QX4SPmdMvjE8Gl5ShEVYu9ZEJdM1I7LqEtimkzCkw6r20eUf/p7f\nRWxhbPaq0F+Pe8PkKiPES2wVZxSkC4yrlKabAG5bpjagZlbLlDaQ8QcUqxJQjXTB\nvZAtzEATmxUrz85meuSti/mWvkf1wrIelLG8LibVAsCSjJ6YIrFQOI7WcRUBL300\n4g6di7AqUYwug2Pk3WSOqG1+sCZ2XIiD6DMgE82QoDAWrjwtU1YQ9CJpoQHPtRR/\nF1c7sOpX2vOnAXtKh7MxdRR6DCiIMt0ebrzAwj4758TluInz2mNbKOY0e0qP8oS4\nC9c7+DGo1ghJ3QAAAQBYlxnM8DLscL02xzquQMUK2CpACGKYBFWHdurgtCPc1n0E\nLpExz3yC0Y2ZJG3J6WIUJBDDZ3mmEFfhpa+Fiv41ZKSXzItxiWi1m/FgeS7GVVRp\n0RpSzb1QmFy1/AJGtjln5nf0n3QpN63tF7OBD9f1JQAUx34YzONsKQZ9nOrQK6zW\n3QWGO8X9VyMh2lr233rWPRtJ6ncMzrP6KA2+lwIRBg7SW7iD2xn0bhv3V5gaZXrJ\nJxMH1dPE5r6Vumml2aMgOtz4BeheEoWig2ikrH7gc+9IjudvSPqB2mXaYzEEhMfm\nXLbPlCQeeLjU20dDjJnEf2kcK6yCe5+25Kz6u2hSAAABAQDnO3Aj5JVto6ToMVbm\nCHgG66CvCMkympfswnlOCCp+QQKFxf9REsOJJhj4TF3JKBmO7K6BU4Td6dl2Tamq\nJFLyn+tgau9RUb307pPzf5/qPbQbBhyy/WOBTrFQ5tkwvTtQDxPpINFnwi5VQOUn\nJcTEHUXWXRDOtsPu3Ru2vi6DUsI3NM2GOvfyGKUwZ07M825KFHPb5hMLtVIUJEEZ\nP7pTmbtgGfND9/8YTz6uYYZ6en0VMkY4G6udeSBH1Caux1qWtvVO8PPpgImEBmsM\nMmhE77wqlfU2gwByLraiGb4To91oxGYLo+RT4/JZSpb07ST+dJ1f/YYiZmhxUzw8\nKE9XAAABAQDTMlvjkhTWJyvJes8xKCj+fs3DNYtH+fP9OVtcqZJ6h9jrNnm2nESK\niZJ/Y24aZUNwfMSjDA1iugy6e5X7qvSmVHX6lyUBmq6GVuhBMdLjE7rf7VkNWZoI\nFx0TLdh/wIPuhlePq9PvS+yDcYJ9oL3EQbhDApjkXHO2zIL+0GmRcVN3uUd39/OM\nwL206UvqYSIZynMs4Mx2fNB53bM9mOVJYQw75lTTczyhYPTLjqemXctnKC5xkQrh\nNoweU/Rh2O7PrCWvdGsugMOS3yJNg17PrSGAN7b3k8i2y1dwHIn47OstKw0ijylV\nFK/uL4QhjzdnARZZwmuQ8vaWRMzernH3AAAAAAEC\n-----END OPENSSH PRIVATE KEY-----\n",
            "private_key_pem": "-----BEGIN RSA PRIVATE KEY-----\nMIIJKAIBAAKCAgEAvsN6CSrtuKpl3xztM7pb8e78unj3OsriqpHFEYfl0j3Ar8mE\n0w5OdqEFn53QNbvWmeQCYrWXUDmPa5B6aUcPtOX9NAXNMKnBuVVY5sIFmLrD4M0A\nMBl/qZHYmo5HW9+1/INTOHRSaaRZFZYbnGavB5nNpDczC64C6mo1sMqBHk2maOrP\naL3Afb2iRZdTTBNIunTOWxPkK5CkkvwDSHo5+sWUypE6y/6AMjv4iWV2u8z5f9Om\nn/2NitXnPIs2MBwgdcaayhfROpErlnE4QZOeDFw0vrucaCnfnz0WIRv3ziH3wG/C\nSO2RBKcqCkl8Gv9ppn4r5EfgCkYw1aOkWpNlfIqZaO2luXJ1fvHPFC61espfp9UV\n9UhsqbzrU4YRRqJFP7aQ4XiW2Kq6WrO26a4ARQI+CMvsc1xTT0LUaxc/jHkyC9Ak\nouplSuHo7jYcgEjnKeHDwFuDhO5VZNJ1v2nD+tUL9fzkhOKTP/RHbp3uCtWni+xw\nqREBkJZnn8Ru7jXtWiprEfLi//RRHIDE9KXnK0RLuQvps6KHuVOvzWGG6lG93siG\ndPIY+kSDfibyJyqh2shY27MsRD1QNb0TfSZ2BKvBWspXjgnTQ3h/X2r4w9nCKfNB\nVUuTD+V2u2SMpx1NXLfJc/K3J8Pge7D2dK1uHQRa4EGfZOgyVl0TMzUL8/ECAwEA\nAQKCAgEAumFEd3aQ4o7hj1a0zohy0vLby9jqPHADfAGGGHW9bmdVPqrWclsVAESc\nuPG4fvdyWdLzHbwsBX7niIGViAyc5PKcK9rLOpNxKgGgJX1FeI5pWNcSKuyO1X8g\nsQj34WS2autoQM0tw/eF7lhFy85rjjKQP7SK1AuE38E7ieqgspnNT86zLLPQQUop\nJHMQOFDTCxGamFPb51Cf6tf84TBCO6gVksDIQIz8dZgwYRVYJ27CCkkhEEnro80P\n6xBcti6U7F1J2M/iZaV2f7tI6pEupwbjpcKpsv/Oc8d8OocX2zdG16aZnSU3PeOR\naJGZhssrTzcQ7S3oUEF57xG+P5ypVo/TPK2NJvlCW5NgTV1/OEF+Ej5nTL4xPBpe\nUoRFWLvWRCXTNSOy6hLYppMwpMOq9tHlH/6e30VsYWz2qtBfj3vD5CojxEtsFWcU\npAuMq5SmmwBuW6Y2oGZWy5Q2kPEHFKsSUI10wb2QLcxAE5sVK8/OZnrkrYv5lr5H\n9cKyHpSxvC4m1QLAkoyemCKxUDiO1nEVAS99NOIOnYuwKlGMLoNj5N1kjqhtfrAm\ndlyIg+gzIBPNkKAwFq48LVNWEPQiaaEBz7UUfxdXO7DqV9rzpwF7SoezMXUUegwo\niDLdHm68wMI+O+fE5biJ89pjWyjmNHtKj/KEuAvXO/gxqNYISd0CggEBAOc7cCPk\nlW2jpOgxVuYIeAbroK8IyTKal+zCeU4IKn5BAoXF/1ESw4kmGPhMXckoGY7sroFT\nhN3p2XZNqaokUvKf62Bq71FRvfTuk/N/n+o9tBsGHLL9Y4FOsVDm2TC9O1APE+kg\n0WfCLlVA5SclxMQdRdZdEM62w+7dG7a+LoNSwjc0zYY69/IYpTBnTszzbkoUc9vm\nEwu1UhQkQRk/ulOZu2AZ80P3/xhPPq5hhnp6fRUyRjgbq515IEfUJq7HWpa29U7w\n8+mAiYQGawwyaETvvCqV9TaDAHIutqIZvhOj3WjEZguj5FPj8llKlvTtJP50nV/9\nhiJmaHFTPDwoT1cCggEBANMyW+OSFNYnK8l6zzEoKP5+zcM1i0f58/05W1ypknqH\n2Os2ebacRIqJkn9jbhplQ3B8xKMMDWK6DLp7lfuq9KZUdfqXJQGaroZW6EEx0uMT\nut/tWQ1ZmggXHRMt2H/Ag+6GV4+r0+9L7INxgn2gvcRBuEMCmORcc7bMgv7QaZFx\nU3e5R3f384zAvbTpS+phIhnKcyzgzHZ80Hndsz2Y5UlhDDvmVNNzPKFg9MuOp6Zd\ny2coLnGRCuE2jB5T9GHY7s+sJa90ay6Aw5LfIk2DXs+tIYA3tveTyLbLV3Acifjs\n6y0rDSKPKVUUr+4vhCGPN2cBFlnCa5Dy9pZEzN6ucfcCggEARu6sz9XnIOL6S2AX\nUCl46GaPvCHt1mAmCrL9kzpeDqzSoUbDs5MV+JR/RGvouTRb4sQoI/QC5jA+TVQ1\nn8PUzijQg5tKHp/8rY4iRKf53llfTorpct7YD2qcajzmk1T5RO3bJcCzfCjNHcny\ngbfMTHzOV5vk9ASMxlF9lulwS0iv20+PXIXqWZHF2rtWKPjj9EWh5OsHHKharWMR\ntTUfa1XVbP2I6mjBECv/Bm9UWW4JwN7TO5MBaiUmCeLCmwr8dw9Y4QZ5TD/p714o\nqG0uHzeLeWTW/AnjsSMzUzaiYFP8L49P3nJAMJvUVB/VfvzgRE5xmGilJRhVIa5u\n4+VZsQKCAQAtBot4lOhET82SAtCxVjKHL1mGyJ+NFMjjr5q+wpgr71Jbsx13xREH\nyBSne/c5QWWDUdZKPIOODMQx7a8oHGZUH6WXaynEkcmrclPJsmmXZ9lrbBqUMgoY\nt3THZfrGIbD+5T09sBBa8ADYdRaw2dgbQzeZcbBO3zb8PdWfpaccDuEQoTuPZBlU\nZLMNIr/AlDzE6thrNPHiQPHhSVaxRyt63WnSS2TCP8spTJZj32H2ogB/WZ2tMJL1\nOL/ep19ujOU8+SJ/qX5AR8tqQI/7nopUFEEUKMylM6iS7/8QM8VmgHwTAR6nw4W4\nUdTAHvk4fmP9Xcn6EO0F1gakOr7CqsY5AoIBAFiXGczwMuxwvTbHOq5AxQrYKkAI\nYpgEVYd26uC0I9zWfQQukTHPfILRjZkkbcnpYhQkEMNneaYQV+Glr4WK/jVkpJfM\ni3GJaLWb8WB5LsZVVGnRGlLNvVCYXLX8Aka2OWfmd/SfdCk3re0Xs4EP1/UlABTH\nfhjM42wpBn2c6tArrNbdBYY7xf1XIyHaWvbfetY9G0nqdwzOs/ooDb6XAhEGDtJb\nuIPbGfRuG/dXmBplesknEwfV08TmvpW6aaXZoyA63PgF6F4ShaKDaKSsfuBz70iO\n529I+oHaZdpjMQSEx+Zcts+UJB54uNTbR0OMmcR/aRwrrIJ7n7bkrPq7aFI=\n-----END RSA PRIVATE KEY-----\n",
            "private_key_pem_pkcs8": "-----BEGIN PRIVATE KEY-----\nMIIJQgIBADANBgkqhkiG9w0BAQEFAASCCSwwggkoAgEAAoICAQC+w3oJKu24qmXf\nHO0zulvx7vy6ePc6yuKqkcURh+XSPcCvyYTTDk52oQWfndA1u9aZ5AJitZdQOY9r\nkHppRw+05f00Bc0wqcG5VVjmwgWYusPgzQAwGX+pkdiajkdb37X8g1M4dFJppFkV\nlhucZq8Hmc2kNzMLrgLqajWwyoEeTaZo6s9ovcB9vaJFl1NME0i6dM5bE+QrkKSS\n/ANIejn6xZTKkTrL/oAyO/iJZXa7zPl/06af/Y2K1ec8izYwHCB1xprKF9E6kSuW\ncThBk54MXDS+u5xoKd+fPRYhG/fOIffAb8JI7ZEEpyoKSXwa/2mmfivkR+AKRjDV\no6Rak2V8iplo7aW5cnV+8c8ULrV6yl+n1RX1SGypvOtThhFGokU/tpDheJbYqrpa\ns7bprgBFAj4Iy+xzXFNPQtRrFz+MeTIL0CSi6mVK4ejuNhyASOcp4cPAW4OE7lVk\n0nW/acP61Qv1/OSE4pM/9Edune4K1aeL7HCpEQGQlmefxG7uNe1aKmsR8uL/9FEc\ngMT0pecrREu5C+mzooe5U6/NYYbqUb3eyIZ08hj6RIN+JvInKqHayFjbsyxEPVA1\nvRN9JnYEq8FayleOCdNDeH9favjD2cIp80FVS5MP5Xa7ZIynHU1ct8lz8rcnw+B7\nsPZ0rW4dBFrgQZ9k6DJWXRMzNQvz8QIDAQABAoICAQC6YUR3dpDijuGPVrTOiHLS\n8tvL2Oo8cAN8AYYYdb1uZ1U+qtZyWxUARJy48bh+93JZ0vMdvCwFfueIgZWIDJzk\n8pwr2ss6k3EqAaAlfUV4jmlY1xIq7I7VfyCxCPfhZLZq62hAzS3D94XuWEXLzmuO\nMpA/tIrUC4TfwTuJ6qCymc1PzrMss9BBSikkcxA4UNMLEZqYU9vnUJ/q1/zhMEI7\nqBWSwMhAjPx1mDBhFVgnbsIKSSEQSeujzQ/rEFy2LpTsXUnYz+JlpXZ/u0jqkS6n\nBuOlwqmy/85zx3w6hxfbN0bXppmdJTc945FokZmGyytPNxDtLehQQXnvEb4/nKlW\nj9M8rY0m+UJbk2BNXX84QX4SPmdMvjE8Gl5ShEVYu9ZEJdM1I7LqEtimkzCkw6r2\n0eUf/p7fRWxhbPaq0F+Pe8PkKiPES2wVZxSkC4yrlKabAG5bpjagZlbLlDaQ8QcU\nqxJQjXTBvZAtzEATmxUrz85meuSti/mWvkf1wrIelLG8LibVAsCSjJ6YIrFQOI7W\ncRUBL3004g6di7AqUYwug2Pk3WSOqG1+sCZ2XIiD6DMgE82QoDAWrjwtU1YQ9CJp\noQHPtRR/F1c7sOpX2vOnAXtKh7MxdRR6DCiIMt0ebrzAwj4758TluInz2mNbKOY0\ne0qP8oS4C9c7+DGo1ghJ3QKCAQEA5ztwI+SVbaOk6DFW5gh4BuugrwjJMpqX7MJ5\nTggqfkEChcX/URLDiSYY+ExdySgZjuyugVOE3enZdk2pqiRS8p/rYGrvUVG99O6T\n83+f6j20GwYcsv1jgU6xUObZML07UA8T6SDRZ8IuVUDlJyXExB1F1l0QzrbD7t0b\ntr4ug1LCNzTNhjr38hilMGdOzPNuShRz2+YTC7VSFCRBGT+6U5m7YBnzQ/f/GE8+\nrmGGenp9FTJGOBurnXkgR9Qmrsdalrb1TvDz6YCJhAZrDDJoRO+8KpX1NoMAci62\nohm+E6PdaMRmC6PkU+PyWUqW9O0k/nSdX/2GImZocVM8PChPVwKCAQEA0zJb45IU\n1icryXrPMSgo/n7NwzWLR/nz/TlbXKmSeofY6zZ5tpxEiomSf2NuGmVDcHzEowwN\nYroMunuV+6r0plR1+pclAZquhlboQTHS4xO63+1ZDVmaCBcdEy3Yf8CD7oZXj6vT\n70vsg3GCfaC9xEG4QwKY5FxztsyC/tBpkXFTd7lHd/fzjMC9tOlL6mEiGcpzLODM\ndnzQed2zPZjlSWEMO+ZU03M8oWD0y46npl3LZygucZEK4TaMHlP0Ydjuz6wlr3Rr\nLoDDkt8iTYNez60hgDe295PItstXcByJ+OzrLSsNIo8pVRSv7i+EIY83ZwEWWcJr\nkPL2lkTM3q5x9wKCAQBG7qzP1ecg4vpLYBdQKXjoZo+8Ie3WYCYKsv2TOl4OrNKh\nRsOzkxX4lH9Ea+i5NFvixCgj9ALmMD5NVDWfw9TOKNCDm0oen/ytjiJEp/neWV9O\niuly3tgPapxqPOaTVPlE7dslwLN8KM0dyfKBt8xMfM5Xm+T0BIzGUX2W6XBLSK/b\nT49chepZkcXau1Yo+OP0RaHk6wccqFqtYxG1NR9rVdVs/YjqaMEQK/8Gb1RZbgnA\n3tM7kwFqJSYJ4sKbCvx3D1jhBnlMP+nvXiiobS4fN4t5ZNb8CeOxIzNTNqJgU/wv\nj0/eckAwm9RUH9V+/OBETnGYaKUlGFUhrm7j5VmxAoIBAC0Gi3iU6ERPzZIC0LFW\nMocvWYbIn40UyOOvmr7CmCvvUluzHXfFEQfIFKd79zlBZYNR1ko8g44MxDHtrygc\nZlQfpZdrKcSRyatyU8myaZdn2WtsGpQyChi3dMdl+sYhsP7lPT2wEFrwANh1FrDZ\n2BtDN5lxsE7fNvw91Z+lpxwO4RChO49kGVRksw0iv8CUPMTq2Gs08eJA8eFJVrFH\nK3rdadJLZMI/yylMlmPfYfaiAH9Zna0wkvU4v96nX26M5Tz5In+pfkBHy2pAj/ue\nilQUQRQozKUzqJLv/xAzxWaAfBMBHqfDhbhR1MAe+Th+Y/1dyfoQ7QXWBqQ6vsKq\nxjkCggEAWJcZzPAy7HC9Nsc6rkDFCtgqQAhimARVh3bq4LQj3NZ9BC6RMc98gtGN\nmSRtyeliFCQQw2d5phBX4aWvhYr+NWSkl8yLcYlotZvxYHkuxlVUadEaUs29UJhc\ntfwCRrY5Z+Z39J90KTet7RezgQ/X9SUAFMd+GMzjbCkGfZzq0Cus1t0FhjvF/Vcj\nIdpa9t961j0bSep3DM6z+igNvpcCEQYO0lu4g9sZ9G4b91eYGmV6yScTB9XTxOa+\nlbpppdmjIDrc+AXoXhKFooNopKx+4HPvSI7nb0j6gdpl2mMxBITH5ly2z5QkHni4\n1NtHQ4yZxH9pHCusgnuftuSs+rtoUg==\n-----END PRIVATE KEY-----\n",
            "public_key_fingerprint_md5": "89:aa:bd:56:37:ca:21:b1:82:37:a7:b2:0b:88:b9:08",
            "public_key_fingerprint_sha256": "SHA256:Mu6UEk+hHH14hSsZzj7pQ+ykHzPXmzfQ2XduLUEA3Gk",
            "public_key_openssh": "ssh-rsa AAAAB3NzaC1yc2EAAAADAQABAAACAQC+w3oJKu24qmXfHO0zulvx7vy6ePc6yuKqkcURh+XSPcCvyYTTDk52oQWfndA1u9aZ5AJitZdQOY9rkHppRw+05f00Bc0wqcG5VVjmwgWYusPgzQAwGX+pkdiajkdb37X8g1M4dFJppFkVlhucZq8Hmc2kNzMLrgLqajWwyoEeTaZo6s9ovcB9vaJFl1NME0i6dM5bE+QrkKSS/ANIejn6xZTKkTrL/oAyO/iJZXa7zPl/06af/Y2K1ec8izYwHCB1xprKF9E6kSuWcThBk54MXDS+u5xoKd+fPRYhG/fOIffAb8JI7ZEEpyoKSXwa/2mmfivkR+AKRjDVo6Rak2V8iplo7aW5cnV+8c8ULrV6yl+n1RX1SGypvOtThhFGokU/tpDheJbYqrpas7bprgBFAj4Iy+xzXFNPQtRrFz+MeTIL0CSi6mVK4ejuNhyASOcp4cPAW4OE7lVk0nW/acP61Qv1/OSE4pM/9Edune4K1aeL7HCpEQGQlmefxG7uNe1aKmsR8uL/9FEcgMT0pecrREu5C+mzooe5U6/NYYbqUb3eyIZ08hj6RIN+JvInKqHayFjbsyxEPVA1vRN9JnYEq8FayleOCdNDeH9favjD2cIp80FVS5MP5Xa7ZIynHU1ct8lz8rcnw+B7sPZ0rW4dBFrgQZ9k6DJWXRMzNQvz8Q==\n",
            "public_key_pem": "-----BEGIN PUBLIC KEY-----\nMIICIjANBgkqhkiG9w0BAQEFAAOCAg8AMIICCgKCAgEAvsN6CSrtuKpl3xztM7pb\n8e78unj3OsriqpHFEYfl0j3Ar8mE0w5OdqEFn53QNbvWmeQCYrWXUDmPa5B6aUcP\ntOX9NAXNMKnBuVVY5sIFmLrD4M0AMBl/qZHYmo5HW9+1/INTOHRSaaRZFZYbnGav\nB5nNpDczC64C6mo1sMqBHk2maOrPaL3Afb2iRZdTTBNIunTOWxPkK5CkkvwDSHo5\n+sWUypE6y/6AMjv4iWV2u8z5f9Omn/2NitXnPIs2MBwgdcaayhfROpErlnE4QZOe\nDFw0vrucaCnfnz0WIRv3ziH3wG/CSO2RBKcqCkl8Gv9ppn4r5EfgCkYw1aOkWpNl\nfIqZaO2luXJ1fvHPFC61espfp9UV9UhsqbzrU4YRRqJFP7aQ4XiW2Kq6WrO26a4A\nRQI+CMvsc1xTT0LUaxc/jHkyC9AkouplSuHo7jYcgEjnKeHDwFuDhO5VZNJ1v2nD\n+tUL9fzkhOKTP/RHbp3uCtWni+xwqREBkJZnn8Ru7jXtWiprEfLi//RRHIDE9KXn\nK0RLuQvps6KHuVOvzWGG6lG93siGdPIY+kSDfibyJyqh2shY27MsRD1QNb0TfSZ2\nBKvBWspXjgnTQ3h/X2r4w9nCKfNBVUuTD+V2u2SMpx1NXLfJc/K3J8Pge7D2dK1u\nHQRa4EGfZOgyVl0TMzUL8/ECAwEAAQ==\n-----END PUBLIC KEY-----\n",
            "rsa_bits": 4096
          },
          "sensitive_attributes": []
        }
      ]
    }
  ],
  "check_results": null
}
